
Microsoft Visual Studio Solution File, Format Version 12.00
# Visual Studio Version 16
VisualStudioVersion = 16.0.31321.278
MinimumVisualStudioVersion = 10.0.40219.1
Project("{FAE04EC0-301F-11D3-BF4B-00C04F79EFBC}") = "Arrays_Morgan_Daniel", "Arrays_Morgan_Daniel\Arrays_Morgan_Daniel.csproj", "{B9653B13-8B44-4A26-B6FD-B20F2AF5DFE1}"
EndProject
Global
	GlobalSection(SolutionConfigurationPlatforms) = preSolution
		Debug|Any CPU = Debug|Any CPU
		Release|Any CPU = Release|Any CPU
	EndGlobalSection
	GlobalSection(ProjectConfigurationPlatforms) = postSolution
		{B9653B13-8B44-4A26-B6FD-B20F2AF5DFE1}.Debug|Any CPU.ActiveCfg = Debug|Any CPU
		{B9653B13-8B44-4A26-B6FD-B20F2AF5DFE1}.Debug|Any CPU.Build.0 = Debug|Any CPU
		{B9653B13-8B44-4A26-B6FD-B20F2AF5DFE1}.Release|Any CPU.ActiveCfg = Release|Any CPU
		{B9653B13-8B44-4A26-B6FD-B20F2AF5DFE1}.Release|Any CPU.Build.0 = Release|Any CPU
	EndGlobalSection
	GlobalSection(SolutionProperties) = preSolution
		HideSolutionNode = FALSE
	EndGlobalSection
	GlobalSection(ExtensibilityGlobals) = postSolution
		SolutionGuid = {FD2C79DE-7AF2-48FC-BBFB-D0A904C09F2D}
	EndGlobalSection
EndGlobal
